
Microsoft Visual Studio Solution File, Format Version 12.00
# Visual Studio Version 16
VisualStudioVersion = 16.0.30907.101
MinimumVisualStudioVersion = 10.0.40219.1
Project("{FAE04EC0-301F-11D3-BF4B-00C04F79EFBC}") = "Chapter8_PE1", "Chapter8_PE1\Chapter8_PE1.csproj", "{3018D856-6144-4450-A078-9A9355547AF4}"
EndProject
Global
	GlobalSection(SolutionConfigurationPlatforms) = preSolution
		Debug|Any CPU = Debug|Any CPU
		Release|Any CPU = Release|Any CPU
	EndGlobalSection
	GlobalSection(ProjectConfigurationPlatforms) = postSolution
		{3018D856-6144-4450-A078-9A9355547AF4}.Debug|Any CPU.ActiveCfg = Debug|Any CPU
		{3018D856-6144-4450-A078-9A9355547AF4}.Debug|Any CPU.Build.0 = Debug|Any CPU
		{3018D856-6144-4450-A078-9A9355547AF4}.Release|Any CPU.ActiveCfg = Release|Any CPU
		{3018D856-6144-4450-A078-9A9355547AF4}.Release|Any CPU.Build.0 = Release|Any CPU
	EndGlobalSection
	GlobalSection(SolutionProperties) = preSolution
		HideSolutionNode = FALSE
	EndGlobalSection
	GlobalSection(ExtensibilityGlobals) = postSolution
		SolutionGuid = {97E92B7B-86A6-4899-AAE7-86DBCFD662EA}
	EndGlobalSection
EndGlobal
